Microsoft Visual Studio Solution File, Format Version 12.00
# Visual Studio Version 17
VisualStudioVersion = 17.5.2.0
MinimumVisualStudioVersion = 10.0.40219.1
Project("{FAE04EC0-301F-11D3-BF4B-00C04F79EFBC}") = "Tranga", "Tranga.csproj", "{DB28E403-751E-AB3B-DF14-2A53A9858355}"
EndProject
Global
	GlobalSection(SolutionConfigurationPlatforms) = preSolution
		Debug|Any CPU = Debug|Any CPU
		Release|Any CPU = Release|Any CPU
	EndGlobalSection
	GlobalSection(ProjectConfigurationPlatforms) = postSolution
		{DB28E403-751E-AB3B-DF14-2A53A9858355}.Debug|Any CPU.ActiveCfg = Debug|Any CPU
		{DB28E403-751E-AB3B-DF14-2A53A9858355}.Debug|Any CPU.Build.0 = Debug|Any CPU
		{DB28E403-751E-AB3B-DF14-2A53A9858355}.Release|Any CPU.ActiveCfg = Release|Any CPU
		{DB28E403-751E-AB3B-DF14-2A53A9858355}.Release|Any CPU.Build.0 = Release|Any CPU
	EndGlobalSection
	GlobalSection(SolutionProperties) = preSolution
		HideSolutionNode = FALSE
	EndGlobalSection
	GlobalSection(ExtensibilityGlobals) = postSolution
		SolutionGuid = {F6262D1E-2FEC-44C9-A4D9-ED396ADC0C02}
	EndGlobalSection
EndGlobal
